
Microsoft Visual Studio Solution File, Format Version 12.00
# Visual Studio Version 17
VisualStudioVersion = 17.5.002.0
MinimumVisualStudioVersion = 10.0.40219.1
Project("{2150E333-8FDC-42A3-9474-1A3956D46DE8}") = "dotnet", "dotnet", "{66293062-5882-428B-8AA5-B66158A5D5EC}"
EndProject
Project("{9A19103F-16F7-4668-BE54-9A1E7A4F7556}") = "Hello", "dotnet\Hello\Hello.csproj", "{130CBA2E-9458-4B6E-8DAE-95178903EB20}"
EndProject
Global
	GlobalSection(SolutionConfigurationPlatforms) = preSolution
		Debug|Any CPU = Debug|Any CPU
		Release|Any CPU = Release|Any CPU
	EndGlobalSection
	GlobalSection(ProjectConfigurationPlatforms) = postSolution
		{130CBA2E-9458-4B6E-8DAE-95178903EB20}.Debug|Any CPU.ActiveCfg = Debug|Any CPU
		{130CBA2E-9458-4B6E-8DAE-95178903EB20}.Debug|Any CPU.Build.0 = Debug|Any CPU
		{130CBA2E-9458-4B6E-8DAE-95178903EB20}.Release|Any CPU.ActiveCfg = Release|Any CPU
		{130CBA2E-9458-4B6E-8DAE-95178903EB20}.Release|Any CPU.Build.0 = Release|Any CPU
	EndGlobalSection
	GlobalSection(SolutionProperties) = preSolution
		HideSolutionNode = FALSE
	EndGlobalSection
	GlobalSection(NestedProjects) = preSolution
		{130CBA2E-9458-4B6E-8DAE-95178903EB20} = {66293062-5882-428B-8AA5-B66158A5D5EC}
	EndGlobalSection
	GlobalSection(ExtensibilityGlobals) = postSolution
		SolutionGuid = {02D84843-E19B-41B5-8637-5B266B80241D}
	EndGlobalSection
EndGlobal
